{
  "name": "js_learning",
  "lockfileVersion": 3,
  "requires": true,
  "packages": {
    "": {
      "dependencies": {
        "@mediapipe/tasks-vision": "^0.10.20"
      }
    },
    "node_modules/@mediapipe/tasks-vision": {
      "version": "0.10.20",
      "resolved": "https://registry.npmjs.org/@mediapipe/tasks-vision/-/tasks-vision-0.10.20.tgz",
      "integrity": "sha512-wYk/9wBjcCZbKcv+ZVEojpKi9f0J9ou0MKRQrG8JdtSVtkkqt/LZMqwdmIMaRIO3DfPJs815BlVPIoestQiWqw=="
    }
  }
}
